
Microsoft Visual Studio Solution File, Format Version 12.00
# Visual Studio Version 17
VisualStudioVersion = 17.13.35825.156 d17.13
MinimumVisualStudioVersion = 10.0.40219.1
Project("{FAE04EC0-301F-11D3-BF4B-00C04F79EFBC}") = "FreelanceExchange-web", "FreelanceExchange-web\FreelanceExchange-web.csproj", "{83DDE673-DE95-4EAF-B367-D091A44EF374}"
EndProject
Global
	GlobalSection(SolutionConfigurationPlatforms) = preSolution
		Debug|Any CPU = Debug|Any CPU
		Release|Any CPU = Release|Any CPU
	EndGlobalSection
	GlobalSection(ProjectConfigurationPlatforms) = postSolution
		{83DDE673-DE95-4EAF-B367-D091A44EF374}.Debug|Any CPU.ActiveCfg = Debug|Any CPU
		{83DDE673-DE95-4EAF-B367-D091A44EF374}.Debug|Any CPU.Build.0 = Debug|Any CPU
		{83DDE673-DE95-4EAF-B367-D091A44EF374}.Release|Any CPU.ActiveCfg = Release|Any CPU
		{83DDE673-DE95-4EAF-B367-D091A44EF374}.Release|Any CPU.Build.0 = Release|Any CPU
	EndGlobalSection
	GlobalSection(SolutionProperties) = preSolution
		HideSolutionNode = FALSE
	EndGlobalSection
	GlobalSection(ExtensibilityGlobals) = postSolution
		SolutionGuid = {8341009C-C68E-4D52-99FD-D530D92431B3}
	EndGlobalSection
EndGlobal
