
Microsoft Visual Studio Solution File, Format Version 12.00
# Visual Studio Version 17
VisualStudioVersion = 17.13.35825.156
MinimumVisualStudioVersion = 10.0.40219.1
Project("{FAE04EC0-301F-11D3-BF4B-00C04F79EFBC}") = "FreelanceExchange_desktop", "FreelanceExchange_desktop\FreelanceExchange_desktop.csproj", "{B0166FE7-14B3-4503-9987-60C19D15A73A}"
EndProject
Global
	GlobalSection(SolutionConfigurationPlatforms) = preSolution
		Debug|Any CPU = Debug|Any CPU
		Release|Any CPU = Release|Any CPU
	EndGlobalSection
	GlobalSection(ProjectConfigurationPlatforms) = postSolution
		{B0166FE7-14B3-4503-9987-60C19D15A73A}.Debug|Any CPU.ActiveCfg = Debug|Any CPU
		{B0166FE7-14B3-4503-9987-60C19D15A73A}.Debug|Any CPU.Build.0 = Debug|Any CPU
		{B0166FE7-14B3-4503-9987-60C19D15A73A}.Release|Any CPU.ActiveCfg = Release|Any CPU
		{B0166FE7-14B3-4503-9987-60C19D15A73A}.Release|Any CPU.Build.0 = Release|Any CPU
	EndGlobalSection
	GlobalSection(SolutionProperties) = preSolution
		HideSolutionNode = FALSE
	EndGlobalSection
	GlobalSection(ExtensibilityGlobals) = postSolution
		SolutionGuid = {559D981F-4009-4402-A216-B25D55D40410}
	EndGlobalSection
EndGlobal
